
Microsoft Visual Studio Solution File, Format Version 12.00
# Visual Studio Version 16
VisualStudioVersion = 16.0.30907.101
MinimumVisualStudioVersion = 10.0.40219.1
Project("{FAE04EC0-301F-11D3-BF4B-00C04F79EFBC}") = "HomeWorkN3", "HomeWorkN3\HomeWorkN3.csproj", "{B8530C01-C0A8-4901-A06E-7E0B8369A76C}"
EndProject
Global
	GlobalSection(SolutionConfigurationPlatforms) = preSolution
		Debug|Any CPU = Debug|Any CPU
		Release|Any CPU = Release|Any CPU
	EndGlobalSection
	GlobalSection(ProjectConfigurationPlatforms) = postSolution
		{B8530C01-C0A8-4901-A06E-7E0B8369A76C}.Debug|Any CPU.ActiveCfg = Debug|Any CPU
		{B8530C01-C0A8-4901-A06E-7E0B8369A76C}.Debug|Any CPU.Build.0 = Debug|Any CPU
		{B8530C01-C0A8-4901-A06E-7E0B8369A76C}.Release|Any CPU.ActiveCfg = Release|Any CPU
		{B8530C01-C0A8-4901-A06E-7E0B8369A76C}.Release|Any CPU.Build.0 = Release|Any CPU
	EndGlobalSection
	GlobalSection(SolutionProperties) = preSolution
		HideSolutionNode = FALSE
	EndGlobalSection
	GlobalSection(ExtensibilityGlobals) = postSolution
		SolutionGuid = {B2EF225A-0D22-45AF-A839-24B43BD9AE61}
	EndGlobalSection
EndGlobal
